// !$*UTF8*$!
{
	archiveVersion = 1;
	classes = {
	};
	objectVersion = 50;
	objects = {

/* Begin PBXBuildFile section */
		ABDB1E9B265BEF280099927B /* AppDelegate.swift in Sources */ = {isa = PBXBuildFile; fileRef = ABDB1E9A265BEF280099927B /* AppDelegate.swift */; };
		ABDB1E9D265BEF280099927B /* SceneDelegate.swift in Sources */ = {isa = PBXBuildFile; fileRef = ABDB1E9C265BEF280099927B /* SceneDelegate.swift */; };
		ABDB1EA2265BEF280099927B /* Main.storyboard in Resources */ = {isa = PBXBuildFile; fileRef = ABDB1EA0265BEF280099927B /* Main.storyboard */; };
		ABDB1EA4265BEF290099927B /* Assets.xcassets in Resources */ = {isa = PBXBuildFile; fileRef = ABDB1EA3265BEF290099927B /* Assets.xcassets */; };
		ABDB1EA7265BEF290099927B /* LaunchScreen.storyboard in Resources */ = {isa = PBXBuildFile; fileRef = ABDB1EA5265BEF290099927B /* LaunchScreen.storyboard */; };
		ABDB1EB1265BF3700099927B /* WorldTimeTable.swift in Sources */ = {isa = PBXBuildFile; fileRef = ABDB1EB0265BF3700099927B /* WorldTimeTable.swift */; };
		ABDB1EB4265BFAF00099927B /* TimeCellTableViewCell.swift in Sources */ = {isa = PBXBuildFile; fileRef = ABDB1EB3265BFAF00099927B /* TimeCellTableViewCell.swift */; };
		ABDB1EBB265C03F00099927B /* AlarmCell.swift in Sources */ = {isa = PBXBuildFile; fileRef = ABDB1EBA265C03F00099927B /* AlarmCell.swift */; };
		ABDB1EBE265C04190099927B /* AlarmTable.swift in Sources */ = {isa = PBXBuildFile; fileRef = ABDB1EBD265C04190099927B /* AlarmTable.swift */; };
		ABDB1EC5265CFF270099927B /* Cities.swift in Sources */ = {isa = PBXBuildFile; fileRef = ABDB1EC4265CFF270099927B /* Cities.swift */; };
		ABDB1EC8265D017B0099927B /* AddCity.swift in Sources */ = {isa = PBXBuildFile; fileRef = ABDB1EC7265D017B0099927B /* AddCity.swift */; };
/* End PBXBuildFile section */

/* Begin PBXFileReference section */
		ABDB1E97265BEF280099927B /* HW19.app */ = {isa = PBXFileReference; explicitFileType = wrapper.application; includeInIndex = 0; path = HW19.app; sourceTree = BUILT_PRODUCTS_DIR; };
		ABDB1E9A265BEF280099927B /* AppDelegate.swift */ = {isa = PBXFileReference; lastKnownFileType = sourcecode.swift; path = AppDelegate.swift; sourceTree = "<group>"; };
		ABDB1E9C265BEF280099927B /* SceneDelegate.swift */ = {isa = PBXFileReference; lastKnownFileType = sourcecode.swift; path = SceneDelegate.swift; sourceTree = "<group>"; };
		ABDB1EA1265BEF280099927B /* Base */ = {isa = PBXFileReference; lastKnownFileType = file.storyboard; name = Base; path = Base.lproj/Main.storyboard; sourceTree = "<group>"; };
		ABDB1EA3265BEF290099927B /* Assets.xcassets */ = {isa = PBXFileReference; lastKnownFileType = folder.assetcatalog; path = Assets.xcassets; sourceTree = "<group>"; };
		ABDB1EA6265BEF290099927B /* Base */ = {isa = PBXFileReference; lastKnownFileType = file.storyboard; name = Base; path = Base.lproj/LaunchScreen.storyboard; sourceTree = "<group>"; };
		ABDB1EA8265BEF290099927B /* Info.plist */ = {isa = PBXFileReference; lastKnownFileType = text.plist.xml; path = Info.plist; sourceTree = "<group>"; };
		ABDB1EB0265BF3700099927B /* WorldTimeTable.swift */ = {isa = PBXFileReference; lastKnownFileType = sourcecode.swift; path = WorldTimeTable.swift; sourceTree = "<group>"; };
		ABDB1EB3265BFAF00099927B /* TimeCellTableViewCell.swift */ = {isa = PBXFileReference; lastKnownFileType = sourcecode.swift; path = TimeCellTableViewCell.swift; sourceTree = "<group>"; };
		ABDB1EBA265C03F00099927B /* AlarmCell.swift */ = {isa = PBXFileReference; lastKnownFileType = sourcecode.swift; path = AlarmCell.swift; sourceTree = "<group>"; };
		ABDB1EBD265C04190099927B /* AlarmTable.swift */ = {isa = PBXFileReference; lastKnownFileType = sourcecode.swift; path = AlarmTable.swift; sourceTree = "<group>"; };
		ABDB1EC4265CFF270099927B /* Cities.swift */ = {isa = PBXFileReference; lastKnownFileType = sourcecode.swift; path = Cities.swift; sourceTree = "<group>"; };
		ABDB1EC7265D017B0099927B /* AddCity.swift */ = {isa = PBXFileReference; lastKnownFileType = sourcecode.swift; path = AddCity.swift; sourceTree = "<group>"; };
/* End PBXFileReference section */

/* Begin PBXFrameworksBuildPhase section */
		ABDB1E94265BEF280099927B /* Frameworks */ = {
			isa = PBXFrameworksBuildPhase;
			buildActionMask = 2147483647;
			files = (
			);
			runOnlyForDeploymentPostprocessing = 0;
		};
/* End PBXFrameworksBuildPhase section */

/* Begin PBXGroup section */
		ABDB1E8E265BEF280099927B = {
			isa = PBXGroup;
			children = (
				ABDB1E99265BEF280099927B /* HW19 */,
				ABDB1E98265BEF280099927B /* Products */,
			);
			sourceTree = "<group>";
		};
		ABDB1E98265BEF280099927B /* Products */ = {
			isa = PBXGroup;
			children = (
				ABDB1E97265BEF280099927B /* HW19.app */,
			);
			name = Products;
			sourceTree = "<group>";
		};
		ABDB1E99265BEF280099927B /* HW19 */ = {
			isa = PBXGroup;
			children = (
				ABDB1E9A265BEF280099927B /* AppDelegate.swift */,
				ABDB1E9C265BEF280099927B /* SceneDelegate.swift */,
				ABDB1EC0265CFE750099927B /* Model */,
				ABDB1EC1265CFE800099927B /* View */,
				ABDB1EC2265CFE850099927B /* Controller */,
				ABDB1EA0265BEF280099927B /* Main.storyboard */,
				ABDB1EA3265BEF290099927B /* Assets.xcassets */,
				ABDB1EA5265BEF290099927B /* LaunchScreen.storyboard */,
				ABDB1EA8265BEF290099927B /* Info.plist */,
			);
			path = HW19;
			sourceTree = "<group>";
		};
		ABDB1EC0265CFE750099927B /* Model */ = {
			isa = PBXGroup;
			children = (
				ABDB1EC4265CFF270099927B /* Cities.swift */,
			);
			path = Model;
			sourceTree = "<group>";
		};
		ABDB1EC1265CFE800099927B /* View */ = {
			isa = PBXGroup;
			children = (
				ABDB1EB3265BFAF00099927B /* TimeCellTableViewCell.swift */,
				ABDB1EBA265C03F00099927B /* AlarmCell.swift */,
			);
			path = View;
			sourceTree = "<group>";
		};
		ABDB1EC2265CFE850099927B /* Controller */ = {
			isa = PBXGroup;
			children = (
				ABDB1EB0265BF3700099927B /* WorldTimeTable.swift */,
				ABDB1EC7265D017B0099927B /* AddCity.swift */,
				ABDB1EBD265C04190099927B /* AlarmTable.swift */,
			);
			path = Controller;
			sourceTree = "<group>";
		};
/* End PBXGroup section */

/* Begin PBXNativeTarget section */
		ABDB1E96265BEF280099927B /* HW19 */ = {
			isa = PBXNativeTarget;
			buildConfigurationList = ABDB1EAB265BEF290099927B /* Build configuration list for PBXNativeTarget "HW19" */;
			buildPhases = (
				ABDB1E93265BEF280099927B /* Sources */,
				ABDB1E94265BEF280099927B /* Frameworks */,
				ABDB1E95265BEF280099927B /* Resources */,
			);
			buildRules = (
			);
			dependencies = (
			);
			name = HW19;
			productName = HW19;
			productReference = ABDB1E97265BEF280099927B /* HW19.app */;
			productType = "com.apple.product-type.application";
		};
/* End PBXNativeTarget section */

/* Begin PBXProject section */
		ABDB1E8F265BEF280099927B /* Project object */ = {
			isa = PBXProject;
			attributes = {
				LastSwiftUpdateCheck = 1240;
				LastUpgradeCheck = 1240;
				TargetAttributes = {
					ABDB1E96265BEF280099927B = {
						CreatedOnToolsVersion = 12.4;
					};
				};
			};
			buildConfigurationList = ABDB1E92265BEF280099927B /* Build configuration list for PBXProject "HW19" */;
			compatibilityVersion = "Xcode 9.3";
			developmentRegion = en;
			hasScannedForEncodings = 0;
			knownRegions = (
				en,
				Base,
			);
			mainGroup = ABDB1E8E265BEF280099927B;
			productRefGroup = ABDB1E98265BEF280099927B /* Products */;
			projectDirPath = "";
			projectRoot = "";
			targets = (
				ABDB1E96265BEF280099927B /* HW19 */,
			);
		};
/* End PBXProject section */

/* Begin PBXResourcesBuildPhase section */
		ABDB1E95265BEF280099927B /* Resources */ = {
			isa = PBXResourcesBuildPhase;
			buildActionMask = 2147483647;
			files = (
				ABDB1EA7265BEF290099927B /* LaunchScreen.storyboard in Resources */,
				ABDB1EA4265BEF290099927B /* Assets.xcassets in Resources */,
				ABDB1EA2265BEF280099927B /* Main.storyboard in Resources */,
			);
			runOnlyForDeploymentPostprocessing = 0;
		};
/* End PBXResourcesBuildPhase section */

/* Begin PBXSourcesBuildPhase section */
		ABDB1E93265BEF280099927B /* Sources */ = {
			isa = PBXSourcesBuildPhase;
			buildActionMask = 2147483647;
			files = (
				ABDB1EB4265BFAF00099927B /* TimeCellTableViewCell.swift in Sources */,
				ABDB1E9B265BEF280099927B /* AppDelegate.swift in Sources */,
				ABDB1EBE265C04190099927B /* AlarmTable.swift in Sources */,
				ABDB1E9D265BEF280099927B /* SceneDelegate.swift in Sources */,
				ABDB1EC5265CFF270099927B /* Cities.swift in Sources */,
				ABDB1EB1265BF3700099927B /* WorldTimeTable.swift in Sources */,
				ABDB1EBB265C03F00099927B /* AlarmCell.swift in Sources */,
				ABDB1EC8265D017B0099927B /* AddCity.swift in Sources */,
			);
			runOnlyForDeploymentPostprocessing = 0;
		};
/* End PBXSourcesBuildPhase section */

/* Begin PBXVariantGroup section */
		ABDB1EA0265BEF280099927B /* Main.storyboard */ = {
			isa = PBXVariantGroup;
			children = (
				ABDB1EA1265BEF280099927B /* Base */,
			);
			name = Main.storyboard;
			sourceTree = "<group>";
		};
		ABDB1EA5265BEF290099927B /* LaunchScreen.storyboard */ = {
			isa = PBXVariantGroup;
			children = (
				ABDB1EA6265BEF290099927B /* Base */,
			);
			name = LaunchScreen.storyboard;
			sourceTree = "<group>";
		};
/* End PBXVariantGroup section */

/* Begin XCBuildConfiguration section */
		ABDB1EA9265BEF290099927B /* Debug */ = {
			isa = XCBuildConfiguration;
			buildSettings = {
				ALWAYS_SEARCH_USER_PATHS = NO;
				CLANG_ANALYZER_NONNULL = YES;
				CLANG_ANALYZER_NUMBER_OBJECT_CONVERSION = YES_AGGRESSIVE;
				CLANG_CXX_LANGUAGE_STANDARD = "gnu++14";
				CLANG_CXX_LIBRARY = "libc++";
				CLANG_ENABLE_MODULES = YES;
				CLANG_ENABLE_OBJC_ARC = YES;
				CLANG_ENABLE_OBJC_WEAK = YES;
				CLANG_WARN_BLOCK_CAPTURE_AUTORELEASING = YES;
				CLANG_WARN_BOOL_CONVERSION = YES;
				CLANG_WARN_COMMA = YES;
				CLANG_WARN_CONSTANT_CONVERSION = YES;
				CLANG_WARN_DEPRECATED_OBJC_IMPLEMENTATIONS = YES;
				CLANG_WARN_DIRECT_OBJC_ISA_USAGE = YES_ERROR;
				CLANG_WARN_DOCUMENTATION_COMMENTS = YES;
				CLANG_WARN_EMPTY_BODY = YES;
				CLANG_WARN_ENUM_CONVERSION = YES;
				CLANG_WARN_INFINITE_RECURSION = YES;
				CLANG_WARN_INT_CONVERSION = YES;
				CLANG_WARN_NON_LITERAL_NULL_CONVERSION = YES;
				CLANG_WARN_OBJC_IMPLICIT_RETAIN_SELF = YES;
				CLANG_WARN_OBJC_LITERAL_CONVERSION = YES;
				CLANG_WARN_OBJC_ROOT_CLASS = YES_ERROR;
				CLANG_WARN_QUOTED_INCLUDE_IN_FRAMEWORK_HEADER = YES;
				CLANG_WARN_RANGE_LOOP_ANALYSIS = YES;
				CLANG_WARN_STRICT_PROTOTYPES = YES;
				CLANG_WARN_SUSPICIOUS_MOVE = YES;
				CLANG_WARN_UNGUARDED_AVAILABILITY = YES_AGGRESSIVE;
				CLANG_WARN_UNREACHABLE_CODE = YES;
				CLANG_WARN__DUPLICATE_METHOD_MATCH = YES;
				COPY_PHASE_STRIP = NO;
				DEBUG_INFORMATION_FORMAT = dwarf;
				ENABLE_STRICT_OBJC_MSGSEND = YES;
				ENABLE_TESTABILITY = YES;
				GCC_C_LANGUAGE_STANDARD = gnu11;
				GCC_DYNAMIC_NO_PIC = NO;
				GCC_NO_COMMON_BLOCKS = YES;
				GCC_OPTIMIZATION_LEVEL = 0;
				GCC_PREPROCESSOR_DEFINITIONS = (
					"DEBUG=1",
					"$(inherited)",
				);
				GCC_WARN_64_TO_32_BIT_CONVERSION = YES;
				GCC_WARN_ABOUT_RETURN_TYPE = YES_ERROR;
				GCC_WARN_UNDECLARED_SELECTOR = YES;
				GCC_WARN_UNINITIALIZED_AUTOS = YES_AGGRESSIVE;
				GCC_WARN_UNUSED_FUNCTION = YES;
				GCC_WARN_UNUSED_VARIABLE = YES;
				IPHONEOS_DEPLOYMENT_TARGET = 14.4;
				MTL_ENABLE_DEBUG_INFO = INCLUDE_SOURCE;
				MTL_FAST_MATH = YES;
				ONLY_ACTIVE_ARCH = YES;
				SDKROOT = iphoneos;
				SWIFT_ACTIVE_COMPILATION_CONDITIONS = DEBUG;
				SWIFT_OPTIMIZATION_LEVEL = "-Onone";
			};
			name = Debug;
		};
		ABDB1EAA265BEF290099927B /* Release */ = {
			isa = XCBuildConfiguration;
			buildSettings = {
				ALWAYS_SEARCH_USER_PATHS = NO;
				CLANG_ANALYZER_NONNULL = YES;
				CLANG_ANALYZER_NUMBER_OBJECT_CONVERSION = YES_AGGRESSIVE;
				CLANG_CXX_LANGUAGE_STANDARD = "gnu++14";
				CLANG_CXX_LIBRARY = "libc++";
				CLANG_ENABLE_MODULES = YES;
				CLANG_ENABLE_OBJC_ARC = YES;
				CLANG_ENABLE_OBJC_WEAK = YES;
				CLANG_WARN_BLOCK_CAPTURE_AUTORELEASING = YES;
				CLANG_WARN_BOOL_CONVERSION = YES;
				CLANG_WARN_COMMA = YES;
				CLANG_WARN_CONSTANT_CONVERSION = YES;
				CLANG_WARN_DEPRECATED_OBJC_IMPLEMENTATIONS = YES;
				CLANG_WARN_DIRECT_OBJC_ISA_USAGE = YES_ERROR;
				CLANG_WARN_DOCUMENTATION_COMMENTS = YES;
				CLANG_WARN_EMPTY_BODY = YES;
				CLANG_WARN_ENUM_CONVERSION = YES;
				CLANG_WARN_INFINITE_RECURSION = YES;
				CLANG_WARN_INT_CONVERSION = YES;
				CLANG_WARN_NON_LITERAL_NULL_CONVERSION = YES;
				CLANG_WARN_OBJC_IMPLICIT_RETAIN_SELF = YES;
				CLANG_WARN_OBJC_LITERAL_CONVERSION = YES;
				CLANG_WARN_OBJC_ROOT_CLASS = YES_ERROR;
				CLANG_WARN_QUOTED_INCLUDE_IN_FRAMEWORK_HEADER = YES;
				CLANG_WARN_RANGE_LOOP_ANALYSIS = YES;
				CLANG_WARN_STRICT_PROTOTYPES = YES;
				CLANG_WARN_SUSPICIOUS_MOVE = YES;
				CLANG_WARN_UNGUARDED_AVAILABILITY = YES_AGGRESSIVE;
				CLANG_WARN_UNREACHABLE_CODE = YES;
				CLANG_WARN__DUPLICATE_METHOD_MATCH = YES;
				COPY_PHASE_STRIP = NO;
				DEBUG_INFORMATION_FORMAT = "dwarf-with-dsym";
				ENABLE_NS_ASSERTIONS = NO;
				ENABLE_STRICT_OBJC_MSGSEND = YES;
				GCC_C_LANGUAGE_STANDARD = gnu11;
				GCC_NO_COMMON_BLOCKS = YES;
				GCC_WARN_64_TO_32_BIT_CONVERSION = YES;
				GCC_WARN_ABOUT_RETURN_TYPE = YES_ERROR;
				GCC_WARN_UNDECLARED_SELECTOR = YES;
				GCC_WARN_UNINITIALIZED_AUTOS = YES_AGGRESSIVE;
				GCC_WARN_UNUSED_FUNCTION = YES;
				GCC_WARN_UNUSED_VARIABLE = YES;
				IPHONEOS_DEPLOYMENT_TARGET = 14.4;
				MTL_ENABLE_DEBUG_INFO = NO;
				MTL_FAST_MATH = YES;
				SDKROOT = iphoneos;
				SWIFT_COMPILATION_MODE = wholemodule;
				SWIFT_OPTIMIZATION_LEVEL = "-O";
				VALIDATE_PRODUCT = YES;
			};
			name = Release;
		};
		ABDB1EAC265BEF290099927B /* Debug */ = {
			isa = XCBuildConfiguration;
			buildSettings = {
				ASSETCATALOG_COMPILER_APPICON_NAME = AppIcon;
				ASSETCATALOG_COMPILER_GLOBAL_ACCENT_COLOR_NAME = AccentColor;
				CODE_SIGN_STYLE = Automatic;
				INFOPLIST_FILE = HW19/Info.plist;
				LD_RUNPATH_SEARCH_PATHS = (
					"$(inherited)",
					"@executable_path/Frameworks",
				);
				PRODUCT_BUNDLE_IDENTIFIER = "Petro-Organizatoin.HW19";
				PRODUCT_NAME = "$(TARGET_NAME)";
				SWIFT_VERSION = 5.0;
				TARGETED_DEVICE_FAMILY = 1;
			};
			name = Debug;
		};
		ABDB1EAD265BEF290099927B /* Release */ = {
			isa = XCBuildConfiguration;
			buildSettings = {
				ASSETCATALOG_COMPILER_APPICON_NAME = AppIcon;
				ASSETCATALOG_COMPILER_GLOBAL_ACCENT_COLOR_NAME = AccentColor;
				CODE_SIGN_STYLE = Automatic;
				INFOPLIST_FILE = HW19/Info.plist;
				LD_RUNPATH_SEARCH_PATHS = (
					"$(inherited)",
					"@executable_path/Frameworks",
				);
				PRODUCT_BUNDLE_IDENTIFIER = "Petro-Organizatoin.HW19";
				PRODUCT_NAME = "$(TARGET_NAME)";
				SWIFT_VERSION = 5.0;
				TARGETED_DEVICE_FAMILY = 1;
			};
			name = Release;
		};
/* End XCBuildConfiguration section */

/* Begin XCConfigurationList section */
		ABDB1E92265BEF280099927B /* Build configuration list for PBXProject "HW19" */ = {
			isa = XCConfigurationList;
			buildConfigurations = (
				ABDB1EA9265BEF290099927B /* Debug */,
				ABDB1EAA265BEF290099927B /* Release */,
			);
			defaultConfigurationIsVisible = 0;
			defaultConfigurationName = Release;
		};
		ABDB1EAB265BEF290099927B /* Build configuration list for PBXNativeTarget "HW19" */ = {
			isa = XCConfigurationList;
			buildConfigurations = (
				ABDB1EAC265BEF290099927B /* Debug */,
				ABDB1EAD265BEF290099927B /* Release */,
			);
			defaultConfigurationIsVisible = 0;
			defaultConfigurationName = Release;
		};
/* End XCConfigurationList section */
	};
	rootObject = ABDB1E8F265BEF280099927B /* Project object */;
}
