// !$*UTF8*$!
{
	archiveVersion = 1;
	classes = {
	};
	objectVersion = 50;
	objects = {

/* Begin PBXBuildFile section */
		AB0D7CB3265997BF008A9955 /* AppDelegate.swift in Sources */ = {isa = PBXBuildFile; fileRef = AB0D7CB2265997BF008A9955 /* AppDelegate.swift */; };
		AB0D7CB5265997BF008A9955 /* SceneDelegate.swift in Sources */ = {isa = PBXBuildFile; fileRef = AB0D7CB4265997BF008A9955 /* SceneDelegate.swift */; };
		AB0D7CB7265997BF008A9955 /* ViewController.swift in Sources */ = {isa = PBXBuildFile; fileRef = AB0D7CB6265997BF008A9955 /* ViewController.swift */; };
		AB0D7CBA265997BF008A9955 /* Main.storyboard in Resources */ = {isa = PBXBuildFile; fileRef = AB0D7CB8265997BF008A9955 /* Main.storyboard */; };
		AB0D7CBC265997C0008A9955 /* Assets.xcassets in Resources */ = {isa = PBXBuildFile; fileRef = AB0D7CBB265997C0008A9955 /* Assets.xcassets */; };
		AB0D7CBF265997C0008A9955 /* LaunchScreen.storyboard in Resources */ = {isa = PBXBuildFile; fileRef = AB0D7CBD265997C0008A9955 /* LaunchScreen.storyboard */; };
		AB0D7CC92659A9AA008A9955 /* AddContactViewController.swift in Sources */ = {isa = PBXBuildFile; fileRef = AB0D7CC82659A9AA008A9955 /* AddContactViewController.swift */; };
		ABDB1E82265BAA9D0099927B /* CustomButton.swift in Sources */ = {isa = PBXBuildFile; fileRef = ABDB1E81265BAA9D0099927B /* CustomButton.swift */; };
		ABDB1E85265BAAE50099927B /* String+LimitChar.swift in Sources */ = {isa = PBXBuildFile; fileRef = ABDB1E84265BAAE50099927B /* String+LimitChar.swift */; };
/* End PBXBuildFile section */

/* Begin PBXFileReference section */
		AB0D7CAF265997BF008A9955 /* HM18.app */ = {isa = PBXFileReference; explicitFileType = wrapper.application; includeInIndex = 0; path = HM18.app; sourceTree = BUILT_PRODUCTS_DIR; };
		AB0D7CB2265997BF008A9955 /* AppDelegate.swift */ = {isa = PBXFileReference; lastKnownFileType = sourcecode.swift; path = AppDelegate.swift; sourceTree = "<group>"; };
		AB0D7CB4265997BF008A9955 /* SceneDelegate.swift */ = {isa = PBXFileReference; lastKnownFileType = sourcecode.swift; path = SceneDelegate.swift; sourceTree = "<group>"; };
		AB0D7CB6265997BF008A9955 /* ViewController.swift */ = {isa = PBXFileReference; lastKnownFileType = sourcecode.swift; path = ViewController.swift; sourceTree = "<group>"; };
		AB0D7CB9265997BF008A9955 /* Base */ = {isa = PBXFileReference; lastKnownFileType = file.storyboard; name = Base; path = Base.lproj/Main.storyboard; sourceTree = "<group>"; };
		AB0D7CBB265997C0008A9955 /* Assets.xcassets */ = {isa = PBXFileReference; lastKnownFileType = folder.assetcatalog; path = Assets.xcassets; sourceTree = "<group>"; };
		AB0D7CBE265997C0008A9955 /* Base */ = {isa = PBXFileReference; lastKnownFileType = file.storyboard; name = Base; path = Base.lproj/LaunchScreen.storyboard; sourceTree = "<group>"; };
		AB0D7CC0265997C0008A9955 /* Info.plist */ = {isa = PBXFileReference; lastKnownFileType = text.plist.xml; path = Info.plist; sourceTree = "<group>"; };
		AB0D7CC82659A9AA008A9955 /* AddContactViewController.swift */ = {isa = PBXFileReference; lastKnownFileType = sourcecode.swift; path = AddContactViewController.swift; sourceTree = "<group>"; };
		ABDB1E81265BAA9D0099927B /* CustomButton.swift */ = {isa = PBXFileReference; lastKnownFileType = sourcecode.swift; path = CustomButton.swift; sourceTree = "<group>"; };
		ABDB1E84265BAAE50099927B /* String+LimitChar.swift */ = {isa = PBXFileReference; lastKnownFileType = sourcecode.swift; path = "String+LimitChar.swift"; sourceTree = "<group>"; };
/* End PBXFileReference section */

/* Begin PBXFrameworksBuildPhase section */
		AB0D7CAC265997BF008A9955 /* Frameworks */ = {
			isa = PBXFrameworksBuildPhase;
			buildActionMask = 2147483647;
			files = (
			);
			runOnlyForDeploymentPostprocessing = 0;
		};
/* End PBXFrameworksBuildPhase section */

/* Begin PBXGroup section */
		AB0D7CA6265997BF008A9955 = {
			isa = PBXGroup;
			children = (
				AB0D7CB1265997BF008A9955 /* HM18 */,
				AB0D7CB0265997BF008A9955 /* Products */,
			);
			sourceTree = "<group>";
		};
		AB0D7CB0265997BF008A9955 /* Products */ = {
			isa = PBXGroup;
			children = (
				AB0D7CAF265997BF008A9955 /* HM18.app */,
			);
			name = Products;
			sourceTree = "<group>";
		};
		AB0D7CB1265997BF008A9955 /* HM18 */ = {
			isa = PBXGroup;
			children = (
				AB0D7CB2265997BF008A9955 /* AppDelegate.swift */,
				AB0D7CB4265997BF008A9955 /* SceneDelegate.swift */,
				ABDB1E89265BAB580099927B /* Model */,
				ABDB1E88265BAB360099927B /* View */,
				ABDB1E8A265BAB600099927B /* Controller */,
				ABDB1E87265BAB2D0099927B /* Extension */,
				AB0D7CB8265997BF008A9955 /* Main.storyboard */,
				AB0D7CBB265997C0008A9955 /* Assets.xcassets */,
				AB0D7CBD265997C0008A9955 /* LaunchScreen.storyboard */,
				AB0D7CC0265997C0008A9955 /* Info.plist */,
			);
			path = HM18;
			sourceTree = "<group>";
		};
		ABDB1E87265BAB2D0099927B /* Extension */ = {
			isa = PBXGroup;
			children = (
				ABDB1E84265BAAE50099927B /* String+LimitChar.swift */,
			);
			path = Extension;
			sourceTree = "<group>";
		};
		ABDB1E88265BAB360099927B /* View */ = {
			isa = PBXGroup;
			children = (
				ABDB1E81265BAA9D0099927B /* CustomButton.swift */,
			);
			path = View;
			sourceTree = "<group>";
		};
		ABDB1E89265BAB580099927B /* Model */ = {
			isa = PBXGroup;
			children = (
			);
			path = Model;
			sourceTree = "<group>";
		};
		ABDB1E8A265BAB600099927B /* Controller */ = {
			isa = PBXGroup;
			children = (
				AB0D7CB6265997BF008A9955 /* ViewController.swift */,
				AB0D7CC82659A9AA008A9955 /* AddContactViewController.swift */,
			);
			path = Controller;
			sourceTree = "<group>";
		};
/* End PBXGroup section */

/* Begin PBXNativeTarget section */
		AB0D7CAE265997BF008A9955 /* HM18 */ = {
			isa = PBXNativeTarget;
			buildConfigurationList = AB0D7CC3265997C0008A9955 /* Build configuration list for PBXNativeTarget "HM18" */;
			buildPhases = (
				AB0D7CAB265997BF008A9955 /* Sources */,
				AB0D7CAC265997BF008A9955 /* Frameworks */,
				AB0D7CAD265997BF008A9955 /* Resources */,
			);
			buildRules = (
			);
			dependencies = (
			);
			name = HM18;
			productName = HM18;
			productReference = AB0D7CAF265997BF008A9955 /* HM18.app */;
			productType = "com.apple.product-type.application";
		};
/* End PBXNativeTarget section */

/* Begin PBXProject section */
		AB0D7CA7265997BF008A9955 /* Project object */ = {
			isa = PBXProject;
			attributes = {
				LastSwiftUpdateCheck = 1240;
				LastUpgradeCheck = 1240;
				TargetAttributes = {
					AB0D7CAE265997BF008A9955 = {
						CreatedOnToolsVersion = 12.4;
					};
				};
			};
			buildConfigurationList = AB0D7CAA265997BF008A9955 /* Build configuration list for PBXProject "HM18" */;
			compatibilityVersion = "Xcode 9.3";
			developmentRegion = en;
			hasScannedForEncodings = 0;
			knownRegions = (
				en,
				Base,
			);
			mainGroup = AB0D7CA6265997BF008A9955;
			productRefGroup = AB0D7CB0265997BF008A9955 /* Products */;
			projectDirPath = "";
			projectRoot = "";
			targets = (
				AB0D7CAE265997BF008A9955 /* HM18 */,
			);
		};
/* End PBXProject section */

/* Begin PBXResourcesBuildPhase section */
		AB0D7CAD265997BF008A9955 /* Resources */ = {
			isa = PBXResourcesBuildPhase;
			buildActionMask = 2147483647;
			files = (
				AB0D7CBF265997C0008A9955 /* LaunchScreen.storyboard in Resources */,
				AB0D7CBC265997C0008A9955 /* Assets.xcassets in Resources */,
				AB0D7CBA265997BF008A9955 /* Main.storyboard in Resources */,
			);
			runOnlyForDeploymentPostprocessing = 0;
		};
/* End PBXResourcesBuildPhase section */

/* Begin PBXSourcesBuildPhase section */
		AB0D7CAB265997BF008A9955 /* Sources */ = {
			isa = PBXSourcesBuildPhase;
			buildActionMask = 2147483647;
			files = (
				AB0D7CB7265997BF008A9955 /* ViewController.swift in Sources */,
				AB0D7CC92659A9AA008A9955 /* AddContactViewController.swift in Sources */,
				AB0D7CB3265997BF008A9955 /* AppDelegate.swift in Sources */,
				AB0D7CB5265997BF008A9955 /* SceneDelegate.swift in Sources */,
				ABDB1E85265BAAE50099927B /* String+LimitChar.swift in Sources */,
				ABDB1E82265BAA9D0099927B /* CustomButton.swift in Sources */,
			);
			runOnlyForDeploymentPostprocessing = 0;
		};
/* End PBXSourcesBuildPhase section */

/* Begin PBXVariantGroup section */
		AB0D7CB8265997BF008A9955 /* Main.storyboard */ = {
			isa = PBXVariantGroup;
			children = (
				AB0D7CB9265997BF008A9955 /* Base */,
			);
			name = Main.storyboard;
			sourceTree = "<group>";
		};
		AB0D7CBD265997C0008A9955 /* LaunchScreen.storyboard */ = {
			isa = PBXVariantGroup;
			children = (
				AB0D7CBE265997C0008A9955 /* Base */,
			);
			name = LaunchScreen.storyboard;
			sourceTree = "<group>";
		};
/* End PBXVariantGroup section */

/* Begin XCBuildConfiguration section */
		AB0D7CC1265997C0008A9955 /* Debug */ = {
			isa = XCBuildConfiguration;
			buildSettings = {
				ALWAYS_SEARCH_USER_PATHS = NO;
				CLANG_ANALYZER_NONNULL = YES;
				CLANG_ANALYZER_NUMBER_OBJECT_CONVERSION = YES_AGGRESSIVE;
				CLANG_CXX_LANGUAGE_STANDARD = "gnu++14";
				CLANG_CXX_LIBRARY = "libc++";
				CLANG_ENABLE_MODULES = YES;
				CLANG_ENABLE_OBJC_ARC = YES;
				CLANG_ENABLE_OBJC_WEAK = YES;
				CLANG_WARN_BLOCK_CAPTURE_AUTORELEASING = YES;
				CLANG_WARN_BOOL_CONVERSION = YES;
				CLANG_WARN_COMMA = YES;
				CLANG_WARN_CONSTANT_CONVERSION = YES;
				CLANG_WARN_DEPRECATED_OBJC_IMPLEMENTATIONS = YES;
				CLANG_WARN_DIRECT_OBJC_ISA_USAGE = YES_ERROR;
				CLANG_WARN_DOCUMENTATION_COMMENTS = YES;
				CLANG_WARN_EMPTY_BODY = YES;
				CLANG_WARN_ENUM_CONVERSION = YES;
				CLANG_WARN_INFINITE_RECURSION = YES;
				CLANG_WARN_INT_CONVERSION = YES;
				CLANG_WARN_NON_LITERAL_NULL_CONVERSION = YES;
				CLANG_WARN_OBJC_IMPLICIT_RETAIN_SELF = YES;
				CLANG_WARN_OBJC_LITERAL_CONVERSION = YES;
				CLANG_WARN_OBJC_ROOT_CLASS = YES_ERROR;
				CLANG_WARN_QUOTED_INCLUDE_IN_FRAMEWORK_HEADER = YES;
				CLANG_WARN_RANGE_LOOP_ANALYSIS = YES;
				CLANG_WARN_STRICT_PROTOTYPES = YES;
				CLANG_WARN_SUSPICIOUS_MOVE = YES;
				CLANG_WARN_UNGUARDED_AVAILABILITY = YES_AGGRESSIVE;
				CLANG_WARN_UNREACHABLE_CODE = YES;
				CLANG_WARN__DUPLICATE_METHOD_MATCH = YES;
				COPY_PHASE_STRIP = NO;
				DEBUG_INFORMATION_FORMAT = dwarf;
				ENABLE_STRICT_OBJC_MSGSEND = YES;
				ENABLE_TESTABILITY = YES;
				GCC_C_LANGUAGE_STANDARD = gnu11;
				GCC_DYNAMIC_NO_PIC = NO;
				GCC_NO_COMMON_BLOCKS = YES;
				GCC_OPTIMIZATION_LEVEL = 0;
				GCC_PREPROCESSOR_DEFINITIONS = (
					"DEBUG=1",
					"$(inherited)",
				);
				GCC_WARN_64_TO_32_BIT_CONVERSION = YES;
				GCC_WARN_ABOUT_RETURN_TYPE = YES_ERROR;
				GCC_WARN_UNDECLARED_SELECTOR = YES;
				GCC_WARN_UNINITIALIZED_AUTOS = YES_AGGRESSIVE;
				GCC_WARN_UNUSED_FUNCTION = YES;
				GCC_WARN_UNUSED_VARIABLE = YES;
				IPHONEOS_DEPLOYMENT_TARGET = 14.4;
				MTL_ENABLE_DEBUG_INFO = INCLUDE_SOURCE;
				MTL_FAST_MATH = YES;
				ONLY_ACTIVE_ARCH = YES;
				SDKROOT = iphoneos;
				SWIFT_ACTIVE_COMPILATION_CONDITIONS = DEBUG;
				SWIFT_OPTIMIZATION_LEVEL = "-Onone";
			};
			name = Debug;
		};
		AB0D7CC2265997C0008A9955 /* Release */ = {
			isa = XCBuildConfiguration;
			buildSettings = {
				ALWAYS_SEARCH_USER_PATHS = NO;
				CLANG_ANALYZER_NONNULL = YES;
				CLANG_ANALYZER_NUMBER_OBJECT_CONVERSION = YES_AGGRESSIVE;
				CLANG_CXX_LANGUAGE_STANDARD = "gnu++14";
				CLANG_CXX_LIBRARY = "libc++";
				CLANG_ENABLE_MODULES = YES;
				CLANG_ENABLE_OBJC_ARC = YES;
				CLANG_ENABLE_OBJC_WEAK = YES;
				CLANG_WARN_BLOCK_CAPTURE_AUTORELEASING = YES;
				CLANG_WARN_BOOL_CONVERSION = YES;
				CLANG_WARN_COMMA = YES;
				CLANG_WARN_CONSTANT_CONVERSION = YES;
				CLANG_WARN_DEPRECATED_OBJC_IMPLEMENTATIONS = YES;
				CLANG_WARN_DIRECT_OBJC_ISA_USAGE = YES_ERROR;
				CLANG_WARN_DOCUMENTATION_COMMENTS = YES;
				CLANG_WARN_EMPTY_BODY = YES;
				CLANG_WARN_ENUM_CONVERSION = YES;
				CLANG_WARN_INFINITE_RECURSION = YES;
				CLANG_WARN_INT_CONVERSION = YES;
				CLANG_WARN_NON_LITERAL_NULL_CONVERSION = YES;
				CLANG_WARN_OBJC_IMPLICIT_RETAIN_SELF = YES;
				CLANG_WARN_OBJC_LITERAL_CONVERSION = YES;
				CLANG_WARN_OBJC_ROOT_CLASS = YES_ERROR;
				CLANG_WARN_QUOTED_INCLUDE_IN_FRAMEWORK_HEADER = YES;
				CLANG_WARN_RANGE_LOOP_ANALYSIS = YES;
				CLANG_WARN_STRICT_PROTOTYPES = YES;
				CLANG_WARN_SUSPICIOUS_MOVE = YES;
				CLANG_WARN_UNGUARDED_AVAILABILITY = YES_AGGRESSIVE;
				CLANG_WARN_UNREACHABLE_CODE = YES;
				CLANG_WARN__DUPLICATE_METHOD_MATCH = YES;
				COPY_PHASE_STRIP = NO;
				DEBUG_INFORMATION_FORMAT = "dwarf-with-dsym";
				ENABLE_NS_ASSERTIONS = NO;
				ENABLE_STRICT_OBJC_MSGSEND = YES;
				GCC_C_LANGUAGE_STANDARD = gnu11;
				GCC_NO_COMMON_BLOCKS = YES;
				GCC_WARN_64_TO_32_BIT_CONVERSION = YES;
				GCC_WARN_ABOUT_RETURN_TYPE = YES_ERROR;
				GCC_WARN_UNDECLARED_SELECTOR = YES;
				GCC_WARN_UNINITIALIZED_AUTOS = YES_AGGRESSIVE;
				GCC_WARN_UNUSED_FUNCTION = YES;
				GCC_WARN_UNUSED_VARIABLE = YES;
				IPHONEOS_DEPLOYMENT_TARGET = 14.4;
				MTL_ENABLE_DEBUG_INFO = NO;
				MTL_FAST_MATH = YES;
				SDKROOT = iphoneos;
				SWIFT_COMPILATION_MODE = wholemodule;
				SWIFT_OPTIMIZATION_LEVEL = "-O";
				VALIDATE_PRODUCT = YES;
			};
			name = Release;
		};
		AB0D7CC4265997C0008A9955 /* Debug */ = {
			isa = XCBuildConfiguration;
			buildSettings = {
				ASSETCATALOG_COMPILER_APPICON_NAME = AppIcon;
				ASSETCATALOG_COMPILER_GLOBAL_ACCENT_COLOR_NAME = AccentColor;
				CODE_SIGN_STYLE = Automatic;
				INFOPLIST_FILE = HM18/Info.plist;
				LD_RUNPATH_SEARCH_PATHS = (
					"$(inherited)",
					"@executable_path/Frameworks",
				);
				PRODUCT_BUNDLE_IDENTIFIER = "Petro-Organizatoin.HM18";
				PRODUCT_NAME = "$(TARGET_NAME)";
				SWIFT_VERSION = 5.0;
				TARGETED_DEVICE_FAMILY = 1;
			};
			name = Debug;
		};
		AB0D7CC5265997C0008A9955 /* Release */ = {
			isa = XCBuildConfiguration;
			buildSettings = {
				ASSETCATALOG_COMPILER_APPICON_NAME = AppIcon;
				ASSETCATALOG_COMPILER_GLOBAL_ACCENT_COLOR_NAME = AccentColor;
				CODE_SIGN_STYLE = Automatic;
				INFOPLIST_FILE = HM18/Info.plist;
				LD_RUNPATH_SEARCH_PATHS = (
					"$(inherited)",
					"@executable_path/Frameworks",
				);
				PRODUCT_BUNDLE_IDENTIFIER = "Petro-Organizatoin.HM18";
				PRODUCT_NAME = "$(TARGET_NAME)";
				SWIFT_VERSION = 5.0;
				TARGETED_DEVICE_FAMILY = 1;
			};
			name = Release;
		};
/* End XCBuildConfiguration section */

/* Begin XCConfigurationList section */
		AB0D7CAA265997BF008A9955 /* Build configuration list for PBXProject "HM18" */ = {
			isa = XCConfigurationList;
			buildConfigurations = (
				AB0D7CC1265997C0008A9955 /* Debug */,
				AB0D7CC2265997C0008A9955 /* Release */,
			);
			defaultConfigurationIsVisible = 0;
			defaultConfigurationName = Release;
		};
		AB0D7CC3265997C0008A9955 /* Build configuration list for PBXNativeTarget "HM18" */ = {
			isa = XCConfigurationList;
			buildConfigurations = (
				AB0D7CC4265997C0008A9955 /* Debug */,
				AB0D7CC5265997C0008A9955 /* Release */,
			);
			defaultConfigurationIsVisible = 0;
			defaultConfigurationName = Release;
		};
/* End XCConfigurationList section */
	};
	rootObject = AB0D7CA7265997BF008A9955 /* Project object */;
}
